
Microsoft Visual Studio Solution File, Format Version 12.00
# Visual Studio 15
VisualStudioVersion = 15.0.28010.2046
MinimumVisualStudioVersion = 10.0.40219.1
Project("{8BC9CEB8-8B4A-11D0-8D11-00A0C91BC942}") = "discord", "discord.vcxproj", "{1552A536-E483-4024-BCBA-4C713BD91792}"
EndProject
Global
	GlobalSection(SolutionConfigurationPlatforms) = preSolution
		DebugLite|x86 = DebugLite|x86
		Release|x86 = Release|x86
	EndGlobalSection
	GlobalSection(ProjectConfigurationPlatforms) = postSolution
		{1552A536-E483-4024-BCBA-4C713BD91792}.DebugLite|x86.ActiveCfg = DebugLite|Win32
		{1552A536-E483-4024-BCBA-4C713BD91792}.DebugLite|x86.Build.0 = DebugLite|Win32
		{1552A536-E483-4024-BCBA-4C713BD91792}.Release|x86.ActiveCfg = Release|Win32
		{1552A536-E483-4024-BCBA-4C713BD91792}.Release|x86.Build.0 = Release|Win32
	EndGlobalSection
	GlobalSection(SolutionProperties) = preSolution
		HideSolutionNode = FALSE
	EndGlobalSection
	GlobalSection(ExtensibilityGlobals) = postSolution
		SolutionGuid = {539C4DBA-B5CA-40F7-AEFA-7D6A4BFAF948}
	EndGlobalSection
EndGlobal
